
Microsoft Visual Studio Solution File, Format Version 12.00
Project("{FAE04EC0-301F-11D3-BF4B-00C04F79EFBC}") = "FEngSpriteGenerator", "FEngSpriteGenerator\FEngSpriteGenerator.csproj", "{32A1C9E4-E4CD-45E9-A8E5-F7208FAEB32E}"
EndProject
Global
	GlobalSection(SolutionConfigurationPlatforms) = preSolution
		Debug|Any CPU = Debug|Any CPU
		Release|Any CPU = Release|Any CPU
	EndGlobalSection
	GlobalSection(ProjectConfigurationPlatforms) = postSolution
		{32A1C9E4-E4CD-45E9-A8E5-F7208FAEB32E}.Debug|Any CPU.ActiveCfg = Debug|Any CPU
		{32A1C9E4-E4CD-45E9-A8E5-F7208FAEB32E}.Debug|Any CPU.Build.0 = Debug|Any CPU
		{32A1C9E4-E4CD-45E9-A8E5-F7208FAEB32E}.Release|Any CPU.ActiveCfg = Release|Any CPU
		{32A1C9E4-E4CD-45E9-A8E5-F7208FAEB32E}.Release|Any CPU.Build.0 = Release|Any CPU
	EndGlobalSection
EndGlobal
